// !$*UTF8*$!
{
	archiveVersion = 1;
	classes = {
	};
	objectVersion = 50;
	objects = {

/* Begin PBXBuildFile section */
		9F5E74A625EA33DB00536A20 /* AppDelegate.swift in Sources */ = {isa = PBXBuildFile; fileRef = 9F5E74A525EA33DB00536A20 /* AppDelegate.swift */; };
		9F5E74A825EA33DB00536A20 /* SceneDelegate.swift in Sources */ = {isa = PBXBuildFile; fileRef = 9F5E74A725EA33DB00536A20 /* SceneDelegate.swift */; };
		9F5E74AA25EA33DB00536A20 /* ContentView.swift in Sources */ = {isa = PBXBuildFile; fileRef = 9F5E74A925EA33DB00536A20 /* ContentView.swift */; };
		9F5E74AC25EA33DB00536A20 /* Assets.xcassets in Resources */ = {isa = PBXBuildFile; fileRef = 9F5E74AB25EA33DB00536A20 /* Assets.xcassets */; };
		9F5E74AF25EA33DB00536A20 /* Preview Assets.xcassets in Resources */ = {isa = PBXBuildFile; fileRef = 9F5E74AE25EA33DB00536A20 /* Preview Assets.xcassets */; };
		9F5E74B225EA33DB00536A20 /* LaunchScreen.storyboard in Resources */ = {isa = PBXBuildFile; fileRef = 9F5E74B025EA33DB00536A20 /* LaunchScreen.storyboard */; };
		9F5E74BC25EA386000536A20 /* Pacifico-Regular.ttf in Resources */ = {isa = PBXBuildFile; fileRef = 9F5E74BB25EA386000536A20 /* Pacifico-Regular.ttf */; };
		9F5E74BF25EA457F00536A20 /* InfoView.swift in Sources */ = {isa = PBXBuildFile; fileRef = 9F5E74BE25EA457F00536A20 /* InfoView.swift */; };
/* End PBXBuildFile section */

/* Begin PBXFileReference section */
		9F5E74A225EA33DB00536A20 /* Alvin's Card.app */ = {isa = PBXFileReference; explicitFileType = wrapper.application; includeInIndex = 0; path = "Alvin's Card.app"; sourceTree = BUILT_PRODUCTS_DIR; };
		9F5E74A525EA33DB00536A20 /* AppDelegate.swift */ = {isa = PBXFileReference; lastKnownFileType = sourcecode.swift; path = AppDelegate.swift; sourceTree = "<group>"; };
		9F5E74A725EA33DB00536A20 /* SceneDelegate.swift */ = {isa = PBXFileReference; lastKnownFileType = sourcecode.swift; path = SceneDelegate.swift; sourceTree = "<group>"; };
		9F5E74A925EA33DB00536A20 /* ContentView.swift */ = {isa = PBXFileReference; lastKnownFileType = sourcecode.swift; path = ContentView.swift; sourceTree = "<group>"; };
		9F5E74AB25EA33DB00536A20 /* Assets.xcassets */ = {isa = PBXFileReference; lastKnownFileType = folder.assetcatalog; path = Assets.xcassets; sourceTree = "<group>"; };
		9F5E74AE25EA33DB00536A20 /* Preview Assets.xcassets */ = {isa = PBXFileReference; lastKnownFileType = folder.assetcatalog; path = "Preview Assets.xcassets"; sourceTree = "<group>"; };
		9F5E74B125EA33DB00536A20 /* Base */ = {isa = PBXFileReference; lastKnownFileType = file.storyboard; name = Base; path = Base.lproj/LaunchScreen.storyboard; sourceTree = "<group>"; };
		9F5E74B325EA33DB00536A20 /* Info.plist */ = {isa = PBXFileReference; lastKnownFileType = text.plist.xml; path = Info.plist; sourceTree = "<group>"; };
		9F5E74BB25EA386000536A20 /* Pacifico-Regular.ttf */ = {isa = PBXFileReference; lastKnownFileType = file; path = "Pacifico-Regular.ttf"; sourceTree = "<group>"; };
		9F5E74BE25EA457F00536A20 /* InfoView.swift */ = {isa = PBXFileReference; lastKnownFileType = sourcecode.swift; path = InfoView.swift; sourceTree = "<group>"; };
/* End PBXFileReference section */

/* Begin PBXFrameworksBuildPhase section */
		9F5E749F25EA33DB00536A20 /* Frameworks */ = {
			isa = PBXFrameworksBuildPhase;
			buildActionMask = 2147483647;
			files = (
			);
			runOnlyForDeploymentPostprocessing = 0;
		};
/* End PBXFrameworksBuildPhase section */

/* Begin PBXGroup section */
		9F5E749925EA33DB00536A20 = {
			isa = PBXGroup;
			children = (
				9F5E74A425EA33DB00536A20 /* Alvin's Card */,
				9F5E74A325EA33DB00536A20 /* Products */,
			);
			sourceTree = "<group>";
		};
		9F5E74A325EA33DB00536A20 /* Products */ = {
			isa = PBXGroup;
			children = (
				9F5E74A225EA33DB00536A20 /* Alvin's Card.app */,
			);
			name = Products;
			sourceTree = "<group>";
		};
		9F5E74A425EA33DB00536A20 /* Alvin's Card */ = {
			isa = PBXGroup;
			children = (
				9F5E74BA25EA384E00536A20 /* Font */,
				9F5E74A525EA33DB00536A20 /* AppDelegate.swift */,
				9F5E74A725EA33DB00536A20 /* SceneDelegate.swift */,
				9F5E74A925EA33DB00536A20 /* ContentView.swift */,
				9F5E74BE25EA457F00536A20 /* InfoView.swift */,
				9F5E74AB25EA33DB00536A20 /* Assets.xcassets */,
				9F5E74B025EA33DB00536A20 /* LaunchScreen.storyboard */,
				9F5E74B325EA33DB00536A20 /* Info.plist */,
				9F5E74AD25EA33DB00536A20 /* Preview Content */,
			);
			path = "Alvin's Card";
			sourceTree = "<group>";
		};
		9F5E74AD25EA33DB00536A20 /* Preview Content */ = {
			isa = PBXGroup;
			children = (
				9F5E74AE25EA33DB00536A20 /* Preview Assets.xcassets */,
			);
			path = "Preview Content";
			sourceTree = "<group>";
		};
		9F5E74BA25EA384E00536A20 /* Font */ = {
			isa = PBXGroup;
			children = (
				9F5E74BB25EA386000536A20 /* Pacifico-Regular.ttf */,
			);
			path = Font;
			sourceTree = "<group>";
		};
/* End PBXGroup section */

/* Begin PBXNativeTarget section */
		9F5E74A125EA33DB00536A20 /* Alvin's Card */ = {
			isa = PBXNativeTarget;
			buildConfigurationList = 9F5E74B625EA33DB00536A20 /* Build configuration list for PBXNativeTarget "Alvin's Card" */;
			buildPhases = (
				9F5E749E25EA33DB00536A20 /* Sources */,
				9F5E749F25EA33DB00536A20 /* Frameworks */,
				9F5E74A025EA33DB00536A20 /* Resources */,
			);
			buildRules = (
			);
			dependencies = (
			);
			name = "Alvin's Card";
			productName = "Alvin's Card";
			productReference = 9F5E74A225EA33DB00536A20 /* Alvin's Card.app */;
			productType = "com.apple.product-type.application";
		};
/* End PBXNativeTarget section */

/* Begin PBXProject section */
		9F5E749A25EA33DB00536A20 /* Project object */ = {
			isa = PBXProject;
			attributes = {
				LastSwiftUpdateCheck = 1240;
				LastUpgradeCheck = 1240;
				TargetAttributes = {
					9F5E74A125EA33DB00536A20 = {
						CreatedOnToolsVersion = 12.4;
					};
				};
			};
			buildConfigurationList = 9F5E749D25EA33DB00536A20 /* Build configuration list for PBXProject "Alvin's Card" */;
			compatibilityVersion = "Xcode 9.3";
			developmentRegion = en;
			hasScannedForEncodings = 0;
			knownRegions = (
				en,
				Base,
			);
			mainGroup = 9F5E749925EA33DB00536A20;
			productRefGroup = 9F5E74A325EA33DB00536A20 /* Products */;
			projectDirPath = "";
			projectRoot = "";
			targets = (
				9F5E74A125EA33DB00536A20 /* Alvin's Card */,
			);
		};
/* End PBXProject section */

/* Begin PBXResourcesBuildPhase section */
		9F5E74A025EA33DB00536A20 /* Resources */ = {
			isa = PBXResourcesBuildPhase;
			buildActionMask = 2147483647;
			files = (
				9F5E74B225EA33DB00536A20 /* LaunchScreen.storyboard in Resources */,
				9F5E74BC25EA386000536A20 /* Pacifico-Regular.ttf in Resources */,
				9F5E74AF25EA33DB00536A20 /* Preview Assets.xcassets in Resources */,
				9F5E74AC25EA33DB00536A20 /* Assets.xcassets in Resources */,
			);
			runOnlyForDeploymentPostprocessing = 0;
		};
/* End PBXResourcesBuildPhase section */

/* Begin PBXSourcesBuildPhase section */
		9F5E749E25EA33DB00536A20 /* Sources */ = {
			isa = PBXSourcesBuildPhase;
			buildActionMask = 2147483647;
			files = (
				9F5E74BF25EA457F00536A20 /* InfoView.swift in Sources */,
				9F5E74A625EA33DB00536A20 /* AppDelegate.swift in Sources */,
				9F5E74A825EA33DB00536A20 /* SceneDelegate.swift in Sources */,
				9F5E74AA25EA33DB00536A20 /* ContentView.swift in Sources */,
			);
			runOnlyForDeploymentPostprocessing = 0;
		};
/* End PBXSourcesBuildPhase section */

/* Begin PBXVariantGroup section */
		9F5E74B025EA33DB00536A20 /* LaunchScreen.storyboard */ = {
			isa = PBXVariantGroup;
			children = (
				9F5E74B125EA33DB00536A20 /* Base */,
			);
			name = LaunchScreen.storyboard;
			sourceTree = "<group>";
		};
/* End PBXVariantGroup section */

/* Begin XCBuildConfiguration section */
		9F5E74B425EA33DB00536A20 /* Debug */ = {
			isa = XCBuildConfiguration;
			buildSettings = {
				ALWAYS_SEARCH_USER_PATHS = NO;
				CLANG_ANALYZER_NONNULL = YES;
				CLANG_ANALYZER_NUMBER_OBJECT_CONVERSION = YES_AGGRESSIVE;
				CLANG_CXX_LANGUAGE_STANDARD = "gnu++14";
				CLANG_CXX_LIBRARY = "libc++";
				CLANG_ENABLE_MODULES = YES;
				CLANG_ENABLE_OBJC_ARC = YES;
				CLANG_ENABLE_OBJC_WEAK = YES;
				CLANG_WARN_BLOCK_CAPTURE_AUTORELEASING = YES;
				CLANG_WARN_BOOL_CONVERSION = YES;
				CLANG_WARN_COMMA = YES;
				CLANG_WARN_CONSTANT_CONVERSION = YES;
				CLANG_WARN_DEPRECATED_OBJC_IMPLEMENTATIONS = YES;
				CLANG_WARN_DIRECT_OBJC_ISA_USAGE = YES_ERROR;
				CLANG_WARN_DOCUMENTATION_COMMENTS = YES;
				CLANG_WARN_EMPTY_BODY = YES;
				CLANG_WARN_ENUM_CONVERSION = YES;
				CLANG_WARN_INFINITE_RECURSION = YES;
				CLANG_WARN_INT_CONVERSION = YES;
				CLANG_WARN_NON_LITERAL_NULL_CONVERSION = YES;
				CLANG_WARN_OBJC_IMPLICIT_RETAIN_SELF = YES;
				CLANG_WARN_OBJC_LITERAL_CONVERSION = YES;
				CLANG_WARN_OBJC_ROOT_CLASS = YES_ERROR;
				CLANG_WARN_QUOTED_INCLUDE_IN_FRAMEWORK_HEADER = YES;
				CLANG_WARN_RANGE_LOOP_ANALYSIS = YES;
				CLANG_WARN_STRICT_PROTOTYPES = YES;
				CLANG_WARN_SUSPICIOUS_MOVE = YES;
				CLANG_WARN_UNGUARDED_AVAILABILITY = YES_AGGRESSIVE;
				CLANG_WARN_UNREACHABLE_CODE = YES;
				CLANG_WARN__DUPLICATE_METHOD_MATCH = YES;
				COPY_PHASE_STRIP = NO;
				DEBUG_INFORMATION_FORMAT = dwarf;
				ENABLE_STRICT_OBJC_MSGSEND = YES;
				ENABLE_TESTABILITY = YES;
				GCC_C_LANGUAGE_STANDARD = gnu11;
				GCC_DYNAMIC_NO_PIC = NO;
				GCC_NO_COMMON_BLOCKS = YES;
				GCC_OPTIMIZATION_LEVEL = 0;
				GCC_PREPROCESSOR_DEFINITIONS = (
					"DEBUG=1",
					"$(inherited)",
				);
				GCC_WARN_64_TO_32_BIT_CONVERSION = YES;
				GCC_WARN_ABOUT_RETURN_TYPE = YES_ERROR;
				GCC_WARN_UNDECLARED_SELECTOR = YES;
				GCC_WARN_UNINITIALIZED_AUTOS = YES_AGGRESSIVE;
				GCC_WARN_UNUSED_FUNCTION = YES;
				GCC_WARN_UNUSED_VARIABLE = YES;
				IPHONEOS_DEPLOYMENT_TARGET = 14.4;
				MTL_ENABLE_DEBUG_INFO = INCLUDE_SOURCE;
				MTL_FAST_MATH = YES;
				ONLY_ACTIVE_ARCH = YES;
				SDKROOT = iphoneos;
				SWIFT_ACTIVE_COMPILATION_CONDITIONS = DEBUG;
				SWIFT_OPTIMIZATION_LEVEL = "-Onone";
			};
			name = Debug;
		};
		9F5E74B525EA33DB00536A20 /* Release */ = {
			isa = XCBuildConfiguration;
			buildSettings = {
				ALWAYS_SEARCH_USER_PATHS = NO;
				CLANG_ANALYZER_NONNULL = YES;
				CLANG_ANALYZER_NUMBER_OBJECT_CONVERSION = YES_AGGRESSIVE;
				CLANG_CXX_LANGUAGE_STANDARD = "gnu++14";
				CLANG_CXX_LIBRARY = "libc++";
				CLANG_ENABLE_MODULES = YES;
				CLANG_ENABLE_OBJC_ARC = YES;
				CLANG_ENABLE_OBJC_WEAK = YES;
				CLANG_WARN_BLOCK_CAPTURE_AUTORELEASING = YES;
				CLANG_WARN_BOOL_CONVERSION = YES;
				CLANG_WARN_COMMA = YES;
				CLANG_WARN_CONSTANT_CONVERSION = YES;
				CLANG_WARN_DEPRECATED_OBJC_IMPLEMENTATIONS = YES;
				CLANG_WARN_DIRECT_OBJC_ISA_USAGE = YES_ERROR;
				CLANG_WARN_DOCUMENTATION_COMMENTS = YES;
				CLANG_WARN_EMPTY_BODY = YES;
				CLANG_WARN_ENUM_CONVERSION = YES;
				CLANG_WARN_INFINITE_RECURSION = YES;
				CLANG_WARN_INT_CONVERSION = YES;
				CLANG_WARN_NON_LITERAL_NULL_CONVERSION = YES;
				CLANG_WARN_OBJC_IMPLICIT_RETAIN_SELF = YES;
				CLANG_WARN_OBJC_LITERAL_CONVERSION = YES;
				CLANG_WARN_OBJC_ROOT_CLASS = YES_ERROR;
				CLANG_WARN_QUOTED_INCLUDE_IN_FRAMEWORK_HEADER = YES;
				CLANG_WARN_RANGE_LOOP_ANALYSIS = YES;
				CLANG_WARN_STRICT_PROTOTYPES = YES;
				CLANG_WARN_SUSPICIOUS_MOVE = YES;
				CLANG_WARN_UNGUARDED_AVAILABILITY = YES_AGGRESSIVE;
				CLANG_WARN_UNREACHABLE_CODE = YES;
				CLANG_WARN__DUPLICATE_METHOD_MATCH = YES;
				COPY_PHASE_STRIP = NO;
				DEBUG_INFORMATION_FORMAT = "dwarf-with-dsym";
				ENABLE_NS_ASSERTIONS = NO;
				ENABLE_STRICT_OBJC_MSGSEND = YES;
				GCC_C_LANGUAGE_STANDARD = gnu11;
				GCC_NO_COMMON_BLOCKS = YES;
				GCC_WARN_64_TO_32_BIT_CONVERSION = YES;
				GCC_WARN_ABOUT_RETURN_TYPE = YES_ERROR;
				GCC_WARN_UNDECLARED_SELECTOR = YES;
				GCC_WARN_UNINITIALIZED_AUTOS = YES_AGGRESSIVE;
				GCC_WARN_UNUSED_FUNCTION = YES;
				GCC_WARN_UNUSED_VARIABLE = YES;
				IPHONEOS_DEPLOYMENT_TARGET = 14.4;
				MTL_ENABLE_DEBUG_INFO = NO;
				MTL_FAST_MATH = YES;
				SDKROOT = iphoneos;
				SWIFT_COMPILATION_MODE = wholemodule;
				SWIFT_OPTIMIZATION_LEVEL = "-O";
				VALIDATE_PRODUCT = YES;
			};
			name = Release;
		};
		9F5E74B725EA33DB00536A20 /* Debug */ = {
			isa = XCBuildConfiguration;
			buildSettings = {
				ASSETCATALOG_COMPILER_APPICON_NAME = AppIcon;
				ASSETCATALOG_COMPILER_GLOBAL_ACCENT_COLOR_NAME = AccentColor;
				CODE_SIGN_STYLE = Automatic;
				DEVELOPMENT_ASSET_PATHS = "\"Alvin's Card/Preview Content\"";
				DEVELOPMENT_TEAM = KL6VLPSW8Q;
				ENABLE_PREVIEWS = YES;
				INFOPLIST_FILE = "Alvin's Card/Info.plist";
				LD_RUNPATH_SEARCH_PATHS = (
					"$(inherited)",
					"@executable_path/Frameworks",
				);
				PRODUCT_BUNDLE_IDENTIFIER = "com.princealvinyusuf.Alvin-s-Card";
				PRODUCT_NAME = "$(TARGET_NAME)";
				SWIFT_VERSION = 5.0;
				TARGETED_DEVICE_FAMILY = "1,2";
			};
			name = Debug;
		};
		9F5E74B825EA33DB00536A20 /* Release */ = {
			isa = XCBuildConfiguration;
			buildSettings = {
				ASSETCATALOG_COMPILER_APPICON_NAME = AppIcon;
				ASSETCATALOG_COMPILER_GLOBAL_ACCENT_COLOR_NAME = AccentColor;
				CODE_SIGN_STYLE = Automatic;
				DEVELOPMENT_ASSET_PATHS = "\"Alvin's Card/Preview Content\"";
				DEVELOPMENT_TEAM = KL6VLPSW8Q;
				ENABLE_PREVIEWS = YES;
				INFOPLIST_FILE = "Alvin's Card/Info.plist";
				LD_RUNPATH_SEARCH_PATHS = (
					"$(inherited)",
					"@executable_path/Frameworks",
				);
				PRODUCT_BUNDLE_IDENTIFIER = "com.princealvinyusuf.Alvin-s-Card";
				PRODUCT_NAME = "$(TARGET_NAME)";
				SWIFT_VERSION = 5.0;
				TARGETED_DEVICE_FAMILY = "1,2";
			};
			name = Release;
		};
/* End XCBuildConfiguration section */

/* Begin XCConfigurationList section */
		9F5E749D25EA33DB00536A20 /* Build configuration list for PBXProject "Alvin's Card" */ = {
			isa = XCConfigurationList;
			buildConfigurations = (
				9F5E74B425EA33DB00536A20 /* Debug */,
				9F5E74B525EA33DB00536A20 /* Release */,
			);
			defaultConfigurationIsVisible = 0;
			defaultConfigurationName = Release;
		};
		9F5E74B625EA33DB00536A20 /* Build configuration list for PBXNativeTarget "Alvin's Card" */ = {
			isa = XCConfigurationList;
			buildConfigurations = (
				9F5E74B725EA33DB00536A20 /* Debug */,
				9F5E74B825EA33DB00536A20 /* Release */,
			);
			defaultConfigurationIsVisible = 0;
			defaultConfigurationName = Release;
		};
/* End XCConfigurationList section */
	};
	rootObject = 9F5E749A25EA33DB00536A20 /* Project object */;
}
